
Microsoft Visual Studio Solution File, Format Version 12.00
# Visual Studio Version 16
VisualStudioVersion = 16.0.32228.343
MinimumVisualStudioVersion = 10.0.40219.1
Project("{FAE04EC0-301F-11D3-BF4B-00C04F79EFBC}") = "AreaCalculator", "AreaCalculator\AreaCalculator.csproj", "{1AC30C54-94F5-47D4-A79B-CFD5C7EE21C8}"
EndProject
Project("{FAE04EC0-301F-11D3-BF4B-00C04F79EFBC}") = "AreaCalculatorTests", "AreaCalculatorTests\AreaCalculatorTests.csproj", "{A1CE2B94-86A7-4407-90E2-8229A1E03316}"
EndProject
Global
	GlobalSection(SolutionConfigurationPlatforms) = preSolution
		Debug|Any CPU = Debug|Any CPU
		Release|Any CPU = Release|Any CPU
	EndGlobalSection
	GlobalSection(ProjectConfigurationPlatforms) = postSolution
		{1AC30C54-94F5-47D4-A79B-CFD5C7EE21C8}.Debug|Any CPU.ActiveCfg = Debug|Any CPU
		{1AC30C54-94F5-47D4-A79B-CFD5C7EE21C8}.Debug|Any CPU.Build.0 = Debug|Any CPU
		{1AC30C54-94F5-47D4-A79B-CFD5C7EE21C8}.Release|Any CPU.ActiveCfg = Release|Any CPU
		{1AC30C54-94F5-47D4-A79B-CFD5C7EE21C8}.Release|Any CPU.Build.0 = Release|Any CPU
		{A1CE2B94-86A7-4407-90E2-8229A1E03316}.Debug|Any CPU.ActiveCfg = Debug|Any CPU
		{A1CE2B94-86A7-4407-90E2-8229A1E03316}.Debug|Any CPU.Build.0 = Debug|Any CPU
		{A1CE2B94-86A7-4407-90E2-8229A1E03316}.Release|Any CPU.ActiveCfg = Release|Any CPU
		{A1CE2B94-86A7-4407-90E2-8229A1E03316}.Release|Any CPU.Build.0 = Release|Any CPU
	EndGlobalSection
	GlobalSection(SolutionProperties) = preSolution
		HideSolutionNode = FALSE
	EndGlobalSection
	GlobalSection(ExtensibilityGlobals) = postSolution
		SolutionGuid = {88C2ED21-7F02-4C78-A5D2-46F01A880852}
	EndGlobalSection
EndGlobal
